
Microsoft Visual Studio Solution File, Format Version 12.00
# Visual Studio Version 16
VisualStudioVersion = 16.0.810.11
MinimumVisualStudioVersion = 10.0.40219.1
Project("{FAE04EC0-301F-11D3-BF4B-00C04F79EFBC}") = "demotemplet.Android", "demotemplet.Android\demotemplet.Android.csproj", "{0825A087-5709-4A8C-92F9-37A139B1F508}"
EndProject
Project("{FAE04EC0-301F-11D3-BF4B-00C04F79EFBC}") = "demotemplet.iOS", "demotemplet.iOS\demotemplet.iOS.csproj", "{78C3370F-830A-42BF-8C73-4069776BEB09}"
EndProject
Project("{FAE04EC0-301F-11D3-BF4B-00C04F79EFBC}") = "demotemplet.View", "demotemplet\demotemplet.View.csproj", "{A4D8D30A-668A-44CD-929E-E56191058363}"
EndProject
Project("{FAE04EC0-301F-11D3-BF4B-00C04F79EFBC}") = "demotemplet.Logic", "demotemplet.Logic\demotemplet.Logic.csproj", "{4D87E8FB-B7E1-41C5-AD0D-94E152DC0F9A}"
EndProject
Global
	GlobalSection(SolutionConfigurationPlatforms) = preSolution
		Debug|Any CPU = Debug|Any CPU
		Release|Any CPU = Release|Any CPU
		Debug|iPhoneSimulator = Debug|iPhoneSimulator
		Release|iPhoneSimulator = Release|iPhoneSimulator
		Debug|iPhone = Debug|iPhone
		Release|iPhone = Release|iPhone
	EndGlobalSection
	GlobalSection(ProjectConfigurationPlatforms) = postSolution
		{0825A087-5709-4A8C-92F9-37A139B1F508}.Debug|Any CPU.ActiveCfg = Debug|Any CPU
		{0825A087-5709-4A8C-92F9-37A139B1F508}.Debug|Any CPU.Build.0 = Debug|Any CPU
		{0825A087-5709-4A8C-92F9-37A139B1F508}.Release|Any CPU.ActiveCfg = Release|Any CPU
		{0825A087-5709-4A8C-92F9-37A139B1F508}.Release|Any CPU.Build.0 = Release|Any CPU
		{0825A087-5709-4A8C-92F9-37A139B1F508}.Debug|iPhoneSimulator.ActiveCfg = Debug|Any CPU
		{0825A087-5709-4A8C-92F9-37A139B1F508}.Debug|iPhoneSimulator.Build.0 = Debug|Any CPU
		{0825A087-5709-4A8C-92F9-37A139B1F508}.Release|iPhoneSimulator.ActiveCfg = Release|Any CPU
		{0825A087-5709-4A8C-92F9-37A139B1F508}.Release|iPhoneSimulator.Build.0 = Release|Any CPU
		{0825A087-5709-4A8C-92F9-37A139B1F508}.Debug|iPhone.ActiveCfg = Debug|Any CPU
		{0825A087-5709-4A8C-92F9-37A139B1F508}.Debug|iPhone.Build.0 = Debug|Any CPU
		{0825A087-5709-4A8C-92F9-37A139B1F508}.Release|iPhone.ActiveCfg = Release|Any CPU
		{0825A087-5709-4A8C-92F9-37A139B1F508}.Release|iPhone.Build.0 = Release|Any CPU
		{78C3370F-830A-42BF-8C73-4069776BEB09}.Debug|Any CPU.ActiveCfg = Debug|iPhoneSimulator
		{78C3370F-830A-42BF-8C73-4069776BEB09}.Debug|Any CPU.Build.0 = Debug|iPhoneSimulator
		{78C3370F-830A-42BF-8C73-4069776BEB09}.Release|Any CPU.ActiveCfg = Release|iPhoneSimulator
		{78C3370F-830A-42BF-8C73-4069776BEB09}.Release|Any CPU.Build.0 = Release|iPhoneSimulator
		{78C3370F-830A-42BF-8C73-4069776BEB09}.Debug|iPhoneSimulator.ActiveCfg = Debug|iPhoneSimulator
		{78C3370F-830A-42BF-8C73-4069776BEB09}.Debug|iPhoneSimulator.Build.0 = Debug|iPhoneSimulator
		{78C3370F-830A-42BF-8C73-4069776BEB09}.Release|iPhoneSimulator.ActiveCfg = Release|iPhoneSimulator
		{78C3370F-830A-42BF-8C73-4069776BEB09}.Release|iPhoneSimulator.Build.0 = Release|iPhoneSimulator
		{78C3370F-830A-42BF-8C73-4069776BEB09}.Debug|iPhone.ActiveCfg = Debug|iPhone
		{78C3370F-830A-42BF-8C73-4069776BEB09}.Debug|iPhone.Build.0 = Debug|iPhone
		{78C3370F-830A-42BF-8C73-4069776BEB09}.Release|iPhone.ActiveCfg = Release|iPhone
		{78C3370F-830A-42BF-8C73-4069776BEB09}.Release|iPhone.Build.0 = Release|iPhone
		{A4D8D30A-668A-44CD-929E-E56191058363}.Debug|Any CPU.ActiveCfg = Debug|Any CPU
		{A4D8D30A-668A-44CD-929E-E56191058363}.Debug|Any CPU.Build.0 = Debug|Any CPU
		{A4D8D30A-668A-44CD-929E-E56191058363}.Release|Any CPU.ActiveCfg = Release|Any CPU
		{A4D8D30A-668A-44CD-929E-E56191058363}.Release|Any CPU.Build.0 = Release|Any CPU
		{A4D8D30A-668A-44CD-929E-E56191058363}.Debug|iPhoneSimulator.ActiveCfg = Debug|Any CPU
		{A4D8D30A-668A-44CD-929E-E56191058363}.Debug|iPhoneSimulator.Build.0 = Debug|Any CPU
		{A4D8D30A-668A-44CD-929E-E56191058363}.Release|iPhoneSimulator.ActiveCfg = Release|Any CPU
		{A4D8D30A-668A-44CD-929E-E56191058363}.Release|iPhoneSimulator.Build.0 = Release|Any CPU
		{A4D8D30A-668A-44CD-929E-E56191058363}.Debug|iPhone.ActiveCfg = Debug|Any CPU
		{A4D8D30A-668A-44CD-929E-E56191058363}.Debug|iPhone.Build.0 = Debug|Any CPU
		{A4D8D30A-668A-44CD-929E-E56191058363}.Release|iPhone.ActiveCfg = Release|Any CPU
		{A4D8D30A-668A-44CD-929E-E56191058363}.Release|iPhone.Build.0 = Release|Any CPU
		{4D87E8FB-B7E1-41C5-AD0D-94E152DC0F9A}.Debug|Any CPU.ActiveCfg = Debug|Any CPU
		{4D87E8FB-B7E1-41C5-AD0D-94E152DC0F9A}.Debug|Any CPU.Build.0 = Debug|Any CPU
		{4D87E8FB-B7E1-41C5-AD0D-94E152DC0F9A}.Release|Any CPU.ActiveCfg = Release|Any CPU
		{4D87E8FB-B7E1-41C5-AD0D-94E152DC0F9A}.Release|Any CPU.Build.0 = Release|Any CPU
		{4D87E8FB-B7E1-41C5-AD0D-94E152DC0F9A}.Debug|iPhoneSimulator.ActiveCfg = Debug|Any CPU
		{4D87E8FB-B7E1-41C5-AD0D-94E152DC0F9A}.Debug|iPhoneSimulator.Build.0 = Debug|Any CPU
		{4D87E8FB-B7E1-41C5-AD0D-94E152DC0F9A}.Release|iPhoneSimulator.ActiveCfg = Release|Any CPU
		{4D87E8FB-B7E1-41C5-AD0D-94E152DC0F9A}.Release|iPhoneSimulator.Build.0 = Release|Any CPU
		{4D87E8FB-B7E1-41C5-AD0D-94E152DC0F9A}.Debug|iPhone.ActiveCfg = Debug|Any CPU
		{4D87E8FB-B7E1-41C5-AD0D-94E152DC0F9A}.Debug|iPhone.Build.0 = Debug|Any CPU
		{4D87E8FB-B7E1-41C5-AD0D-94E152DC0F9A}.Release|iPhone.ActiveCfg = Release|Any CPU
		{4D87E8FB-B7E1-41C5-AD0D-94E152DC0F9A}.Release|iPhone.Build.0 = Release|Any CPU
	EndGlobalSection
	GlobalSection(SolutionProperties) = preSolution
		HideSolutionNode = FALSE
	EndGlobalSection
	GlobalSection(ExtensibilityGlobals) = postSolution
		SolutionGuid = {30138344-21E3-4BC6-8464-669DB575B4D6}
	EndGlobalSection
EndGlobal
